// !$*UTF8*$!
{
	archiveVersion = 1;
	classes = {
	};
	objectVersion = 46;
	objects = {

/* Begin PBXBuildFile section */
		13A1AB3E1AD9DD5600176F68 /* AppDelegate.swift in Sources */ = {isa = PBXBuildFile; fileRef = 13A1AB3D1AD9DD5600176F68 /* AppDelegate.swift */; };
		13A1AB401AD9DD5600176F68 /* FirstViewController.swift in Sources */ = {isa = PBXBuildFile; fileRef = 13A1AB3F1AD9DD5600176F68 /* FirstViewController.swift */; };
		13A1AB421AD9DD5600176F68 /* SecondViewController.swift in Sources */ = {isa = PBXBuildFile; fileRef = 13A1AB411AD9DD5600176F68 /* SecondViewController.swift */; };
		13A1AB451AD9DD5600176F68 /* Main.storyboard in Resources */ = {isa = PBXBuildFile; fileRef = 13A1AB431AD9DD5600176F68 /* Main.storyboard */; };
		13A1AB471AD9DD5600176F68 /* Images.xcassets in Resources */ = {isa = PBXBuildFile; fileRef = 13A1AB461AD9DD5600176F68 /* Images.xcassets */; };
		13A1AB4A1AD9DD5600176F68 /* LaunchScreen.xib in Resources */ = {isa = PBXBuildFile; fileRef = 13A1AB481AD9DD5600176F68 /* LaunchScreen.xib */; };
		13A1AB561AD9DD5600176F68 /* SwiftChatTests.swift in Sources */ = {isa = PBXBuildFile; fileRef = 13A1AB551AD9DD5600176F68 /* SwiftChatTests.swift */; };
/* End PBXBuildFile section */

/* Begin PBXContainerItemProxy section */
		13A1AB501AD9DD5600176F68 /* PBXContainerItemProxy */ = {
			isa = PBXContainerItemProxy;
			containerPortal = 13A1AB301AD9DD5600176F68 /* Project object */;
			proxyType = 1;
			remoteGlobalIDString = 13A1AB371AD9DD5600176F68;
			remoteInfo = SwiftChat;
		};
/* End PBXContainerItemProxy section */

/* Begin PBXFileReference section */
		13A1AB381AD9DD5600176F68 /* SwiftChat.app */ = {isa = PBXFileReference; explicitFileType = wrapper.application; includeInIndex = 0; path = SwiftChat.app; sourceTree = BUILT_PRODUCTS_DIR; };
		13A1AB3C1AD9DD5600176F68 /* Info.plist */ = {isa = PBXFileReference; lastKnownFileType = text.plist.xml; path = Info.plist; sourceTree = "<group>"; };
		13A1AB3D1AD9DD5600176F68 /* AppDelegate.swift */ = {isa = PBXFileReference; lastKnownFileType = sourcecode.swift; path = AppDelegate.swift; sourceTree = "<group>"; };
		13A1AB3F1AD9DD5600176F68 /* FirstViewController.swift */ = {isa = PBXFileReference; lastKnownFileType = sourcecode.swift; path = FirstViewController.swift; sourceTree = "<group>"; };
		13A1AB411AD9DD5600176F68 /* SecondViewController.swift */ = {isa = PBXFileReference; lastKnownFileType = sourcecode.swift; path = SecondViewController.swift; sourceTree = "<group>"; };
		13A1AB441AD9DD5600176F68 /* Base */ = {isa = PBXFileReference; lastKnownFileType = file.storyboard; name = Base; path = Base.lproj/Main.storyboard; sourceTree = "<group>"; };
		13A1AB461AD9DD5600176F68 /* Images.xcassets */ = {isa = PBXFileReference; lastKnownFileType = folder.assetcatalog; path = Images.xcassets; sourceTree = "<group>"; };
		13A1AB491AD9DD5600176F68 /* Base */ = {isa = PBXFileReference; lastKnownFileType = file.xib; name = Base; path = Base.lproj/LaunchScreen.xib; sourceTree = "<group>"; };
		13A1AB4F1AD9DD5600176F68 /* SwiftChatTests.xctest */ = {isa = PBXFileReference; explicitFileType = wrapper.cfbundle; includeInIndex = 0; path = SwiftChatTests.xctest; sourceTree = BUILT_PRODUCTS_DIR; };
		13A1AB541AD9DD5600176F68 /* Info.plist */ = {isa = PBXFileReference; lastKnownFileType = text.plist.xml; path = Info.plist; sourceTree = "<group>"; };
		13A1AB551AD9DD5600176F68 /* SwiftChatTests.swift */ = {isa = PBXFileReference; lastKnownFileType = sourcecode.swift; path = SwiftChatTests.swift; sourceTree = "<group>"; };
/* End PBXFileReference section */

/* Begin PBXFrameworksBuildPhase section */
		13A1AB351AD9DD5600176F68 /* Frameworks */ = {
			isa = PBXFrameworksBuildPhase;
			buildActionMask = 2147483647;
			files = (
			);
			runOnlyForDeploymentPostprocessing = 0;
		};
		13A1AB4C1AD9DD5600176F68 /* Frameworks */ = {
			isa = PBXFrameworksBuildPhase;
			buildActionMask = 2147483647;
			files = (
			);
			runOnlyForDeploymentPostprocessing = 0;
		};
/* End PBXFrameworksBuildPhase section */

/* Begin PBXGroup section */
		13A1AB2F1AD9DD5600176F68 = {
			isa = PBXGroup;
			children = (
				13A1AB3A1AD9DD5600176F68 /* SwiftChat */,
				13A1AB521AD9DD5600176F68 /* SwiftChatTests */,
				13A1AB391AD9DD5600176F68 /* Products */,
			);
			sourceTree = "<group>";
		};
		13A1AB391AD9DD5600176F68 /* Products */ = {
			isa = PBXGroup;
			children = (
				13A1AB381AD9DD5600176F68 /* SwiftChat.app */,
				13A1AB4F1AD9DD5600176F68 /* SwiftChatTests.xctest */,
			);
			name = Products;
			sourceTree = "<group>";
		};
		13A1AB3A1AD9DD5600176F68 /* SwiftChat */ = {
			isa = PBXGroup;
			children = (
				13A1AB3D1AD9DD5600176F68 /* AppDelegate.swift */,
				13A1AB3F1AD9DD5600176F68 /* FirstViewController.swift */,
				13A1AB411AD9DD5600176F68 /* SecondViewController.swift */,
				13A1AB431AD9DD5600176F68 /* Main.storyboard */,
				13A1AB461AD9DD5600176F68 /* Images.xcassets */,
				13A1AB481AD9DD5600176F68 /* LaunchScreen.xib */,
				13A1AB3B1AD9DD5600176F68 /* Supporting Files */,
			);
			path = SwiftChat;
			sourceTree = "<group>";
		};
		13A1AB3B1AD9DD5600176F68 /* Supporting Files */ = {
			isa = PBXGroup;
			children = (
				13A1AB3C1AD9DD5600176F68 /* Info.plist */,
			);
			name = "Supporting Files";
			sourceTree = "<group>";
		};
		13A1AB521AD9DD5600176F68 /* SwiftChatTests */ = {
			isa = PBXGroup;
			children = (
				13A1AB551AD9DD5600176F68 /* SwiftChatTests.swift */,
				13A1AB531AD9DD5600176F68 /* Supporting Files */,
			);
			path = SwiftChatTests;
			sourceTree = "<group>";
		};
		13A1AB531AD9DD5600176F68 /* Supporting Files */ = {
			isa = PBXGroup;
			children = (
				13A1AB541AD9DD5600176F68 /* Info.plist */,
			);
			name = "Supporting Files";
			sourceTree = "<group>";
		};
/* End PBXGroup section */

/* Begin PBXNativeTarget section */
		13A1AB371AD9DD5600176F68 /* SwiftChat */ = {
			isa = PBXNativeTarget;
			buildConfigurationList = 13A1AB591AD9DD5600176F68 /* Build configuration list for PBXNativeTarget "SwiftChat" */;
			buildPhases = (
				13A1AB341AD9DD5600176F68 /* Sources */,
				13A1AB351AD9DD5600176F68 /* Frameworks */,
				13A1AB361AD9DD5600176F68 /* Resources */,
			);
			buildRules = (
			);
			dependencies = (
			);
			name = SwiftChat;
			productName = SwiftChat;
			productReference = 13A1AB381AD9DD5600176F68 /* SwiftChat.app */;
			productType = "com.apple.product-type.application";
		};
		13A1AB4E1AD9DD5600176F68 /* SwiftChatTests */ = {
			isa = PBXNativeTarget;
			buildConfigurationList = 13A1AB5C1AD9DD5600176F68 /* Build configuration list for PBXNativeTarget "SwiftChatTests" */;
			buildPhases = (
				13A1AB4B1AD9DD5600176F68 /* Sources */,
				13A1AB4C1AD9DD5600176F68 /* Frameworks */,
				13A1AB4D1AD9DD5600176F68 /* Resources */,
			);
			buildRules = (
			);
			dependencies = (
				13A1AB511AD9DD5600176F68 /* PBXTargetDependency */,
			);
			name = SwiftChatTests;
			productName = SwiftChatTests;
			productReference = 13A1AB4F1AD9DD5600176F68 /* SwiftChatTests.xctest */;
			productType = "com.apple.product-type.bundle.unit-test";
		};
/* End PBXNativeTarget section */

/* Begin PBXProject section */
		13A1AB301AD9DD5600176F68 /* Project object */ = {
			isa = PBXProject;
			attributes = {
				LastUpgradeCheck = 0620;
				ORGANIZATIONNAME = "LumberMill, Inc.";
				TargetAttributes = {
					13A1AB371AD9DD5600176F68 = {
						CreatedOnToolsVersion = 6.2;
					};
					13A1AB4E1AD9DD5600176F68 = {
						CreatedOnToolsVersion = 6.2;
						TestTargetID = 13A1AB371AD9DD5600176F68;
					};
				};
			};
			buildConfigurationList = 13A1AB331AD9DD5600176F68 /* Build configuration list for PBXProject "SwiftChat" */;
			compatibilityVersion = "Xcode 3.2";
			developmentRegion = English;
			hasScannedForEncodings = 0;
			knownRegions = (
				en,
				Base,
			);
			mainGroup = 13A1AB2F1AD9DD5600176F68;
			productRefGroup = 13A1AB391AD9DD5600176F68 /* Products */;
			projectDirPath = "";
			projectRoot = "";
			targets = (
				13A1AB371AD9DD5600176F68 /* SwiftChat */,
				13A1AB4E1AD9DD5600176F68 /* SwiftChatTests */,
			);
		};
/* End PBXProject section */

/* Begin PBXResourcesBuildPhase section */
		13A1AB361AD9DD5600176F68 /* Resources */ = {
			isa = PBXResourcesBuildPhase;
			buildActionMask = 2147483647;
			files = (
				13A1AB451AD9DD5600176F68 /* Main.storyboard in Resources */,
				13A1AB4A1AD9DD5600176F68 /* LaunchScreen.xib in Resources */,
				13A1AB471AD9DD5600176F68 /* Images.xcassets in Resources */,
			);
			runOnlyForDeploymentPostprocessing = 0;
		};
		13A1AB4D1AD9DD5600176F68 /* Resources */ = {
			isa = PBXResourcesBuildPhase;
			buildActionMask = 2147483647;
			files = (
			);
			runOnlyForDeploymentPostprocessing = 0;
		};
/* End PBXResourcesBuildPhase section */

/* Begin PBXSourcesBuildPhase section */
		13A1AB341AD9DD5600176F68 /* Sources */ = {
			isa = PBXSourcesBuildPhase;
			buildActionMask = 2147483647;
			files = (
				13A1AB421AD9DD5600176F68 /* SecondViewController.swift in Sources */,
				13A1AB3E1AD9DD5600176F68 /* AppDelegate.swift in Sources */,
				13A1AB401AD9DD5600176F68 /* FirstViewController.swift in Sources */,
			);
			runOnlyForDeploymentPostprocessing = 0;
		};
		13A1AB4B1AD9DD5600176F68 /* Sources */ = {
			isa = PBXSourcesBuildPhase;
			buildActionMask = 2147483647;
			files = (
				13A1AB561AD9DD5600176F68 /* SwiftChatTests.swift in Sources */,
			);
			runOnlyForDeploymentPostprocessing = 0;
		};
/* End PBXSourcesBuildPhase section */

/* Begin PBXTargetDependency section */
		13A1AB511AD9DD5600176F68 /* PBXTargetDependency */ = {
			isa = PBXTargetDependency;
			target = 13A1AB371AD9DD5600176F68 /* SwiftChat */;
			targetProxy = 13A1AB501AD9DD5600176F68 /* PBXContainerItemProxy */;
		};
/* End PBXTargetDependency section */

/* Begin PBXVariantGroup section */
		13A1AB431AD9DD5600176F68 /* Main.storyboard */ = {
			isa = PBXVariantGroup;
			children = (
				13A1AB441AD9DD5600176F68 /* Base */,
			);
			name = Main.storyboard;
			sourceTree = "<group>";
		};
		13A1AB481AD9DD5600176F68 /* LaunchScreen.xib */ = {
			isa = PBXVariantGroup;
			children = (
				13A1AB491AD9DD5600176F68 /* Base */,
			);
			name = LaunchScreen.xib;
			sourceTree = "<group>";
		};
/* End PBXVariantGroup section */

/* Begin XCBuildConfiguration section */
		13A1AB571AD9DD5600176F68 /* Debug */ = {
			isa = XCBuildConfiguration;
			buildSettings = {
				ALWAYS_SEARCH_USER_PATHS = NO;
				CLANG_CXX_LANGUAGE_STANDARD = "gnu++0x";
				CLANG_CXX_LIBRARY = "libc++";
				CLANG_ENABLE_MODULES = YES;
				CLANG_ENABLE_OBJC_ARC = YES;
				CLANG_WARN_BOOL_CONVERSION = YES;
				CLANG_WARN_CONSTANT_CONVERSION = YES;
				CLANG_WARN_DIRECT_OBJC_ISA_USAGE = YES_ERROR;
				CLANG_WARN_EMPTY_BODY = YES;
				CLANG_WARN_ENUM_CONVERSION = YES;
				CLANG_WARN_INT_CONVERSION = YES;
				CLANG_WARN_OBJC_ROOT_CLASS = YES_ERROR;
				CLANG_WARN_UNREACHABLE_CODE = YES;
				CLANG_WARN__DUPLICATE_METHOD_MATCH = YES;
				"CODE_SIGN_IDENTITY[sdk=iphoneos*]" = "iPhone Developer";
				COPY_PHASE_STRIP = NO;
				ENABLE_STRICT_OBJC_MSGSEND = YES;
				GCC_C_LANGUAGE_STANDARD = gnu99;
				GCC_DYNAMIC_NO_PIC = NO;
				GCC_OPTIMIZATION_LEVEL = 0;
				GCC_PREPROCESSOR_DEFINITIONS = (
					"DEBUG=1",
					"$(inherited)",
				);
				GCC_SYMBOLS_PRIVATE_EXTERN = NO;
				GCC_WARN_64_TO_32_BIT_CONVERSION = YES;
				GCC_WARN_ABOUT_RETURN_TYPE = YES_ERROR;
				GCC_WARN_UNDECLARED_SELECTOR = YES;
				GCC_WARN_UNINITIALIZED_AUTOS = YES_AGGRESSIVE;
				GCC_WARN_UNUSED_FUNCTION = YES;
				GCC_WARN_UNUSED_VARIABLE = YES;
				IPHONEOS_DEPLOYMENT_TARGET = 8.2;
				MTL_ENABLE_DEBUG_INFO = YES;
				ONLY_ACTIVE_ARCH = YES;
				SDKROOT = iphoneos;
				SWIFT_OPTIMIZATION_LEVEL = "-Onone";
				TARGETED_DEVICE_FAMILY = "1,2";
			};
			name = Debug;
		};
		13A1AB581AD9DD5600176F68 /* Release */ = {
			isa = XCBuildConfiguration;
			buildSettings = {
				ALWAYS_SEARCH_USER_PATHS = NO;
				CLANG_CXX_LANGUAGE_STANDARD = "gnu++0x";
				CLANG_CXX_LIBRARY = "libc++";
				CLANG_ENABLE_MODULES = YES;
				CLANG_ENABLE_OBJC_ARC = YES;
				CLANG_WARN_BOOL_CONVERSION = YES;
				CLANG_WARN_CONSTANT_CONVERSION = YES;
				CLANG_WARN_DIRECT_OBJC_ISA_USAGE = YES_ERROR;
				CLANG_WARN_EMPTY_BODY = YES;
				CLANG_WARN_ENUM_CONVERSION = YES;
				CLANG_WARN_INT_CONVERSION = YES;
				CLANG_WARN_OBJC_ROOT_CLASS = YES_ERROR;
				CLANG_WARN_UNREACHABLE_CODE = YES;
				CLANG_WARN__DUPLICATE_METHOD_MATCH = YES;
				"CODE_SIGN_IDENTITY[sdk=iphoneos*]" = "iPhone Developer";
				COPY_PHASE_STRIP = NO;
				ENABLE_NS_ASSERTIONS = NO;
				ENABLE_STRICT_OBJC_MSGSEND = YES;
				GCC_C_LANGUAGE_STANDARD = gnu99;
				GCC_WARN_64_TO_32_BIT_CONVERSION = YES;
				GCC_WARN_ABOUT_RETURN_TYPE = YES_ERROR;
				GCC_WARN_UNDECLARED_SELECTOR = YES;
				GCC_WARN_UNINITIALIZED_AUTOS = YES_AGGRESSIVE;
				GCC_WARN_UNUSED_FUNCTION = YES;
				GCC_WARN_UNUSED_VARIABLE = YES;
				IPHONEOS_DEPLOYMENT_TARGET = 8.2;
				MTL_ENABLE_DEBUG_INFO = NO;
				SDKROOT = iphoneos;
				TARGETED_DEVICE_FAMILY = "1,2";
				VALIDATE_PRODUCT = YES;
			};
			name = Release;
		};
		13A1AB5A1AD9DD5600176F68 /* Debug */ = {
			isa = XCBuildConfiguration;
			buildSettings = {
				ASSETCATALOG_COMPILER_APPICON_NAME = AppIcon;
				INFOPLIST_FILE = SwiftChat/Info.plist;
				LD_RUNPATH_SEARCH_PATHS = "$(inherited) @executable_path/Frameworks";
				PRODUCT_NAME = "$(TARGET_NAME)";
			};
			name = Debug;
		};
		13A1AB5B1AD9DD5600176F68 /* Release */ = {
			isa = XCBuildConfiguration;
			buildSettings = {
				ASSETCATALOG_COMPILER_APPICON_NAME = AppIcon;
				INFOPLIST_FILE = SwiftChat/Info.plist;
				LD_RUNPATH_SEARCH_PATHS = "$(inherited) @executable_path/Frameworks";
				PRODUCT_NAME = "$(TARGET_NAME)";
			};
			name = Release;
		};
		13A1AB5D1AD9DD5600176F68 /* Debug */ = {
			isa = XCBuildConfiguration;
			buildSettings = {
				BUNDLE_LOADER = "$(TEST_HOST)";
				FRAMEWORK_SEARCH_PATHS = (
					"$(SDKROOT)/Developer/Library/Frameworks",
					"$(inherited)",
				);
				GCC_PREPROCESSOR_DEFINITIONS = (
					"DEBUG=1",
					"$(inherited)",
				);
				INFOPLIST_FILE = SwiftChatTests/Info.plist;
				LD_RUNPATH_SEARCH_PATHS = "$(inherited) @executable_path/Frameworks @loader_path/Frameworks";
				PRODUCT_NAME = "$(TARGET_NAME)";
				TEST_HOST = "$(BUILT_PRODUCTS_DIR)/SwiftChat.app/SwiftChat";
			};
			name = Debug;
		};
		13A1AB5E1AD9DD5600176F68 /* Release */ = {
			isa = XCBuildConfiguration;
			buildSettings = {
				BUNDLE_LOADER = "$(TEST_HOST)";
				FRAMEWORK_SEARCH_PATHS = (
					"$(SDKROOT)/Developer/Library/Frameworks",
					"$(inherited)",
				);
				INFOPLIST_FILE = SwiftChatTests/Info.plist;
				LD_RUNPATH_SEARCH_PATHS = "$(inherited) @executable_path/Frameworks @loader_path/Frameworks";
				PRODUCT_NAME = "$(TARGET_NAME)";
				TEST_HOST = "$(BUILT_PRODUCTS_DIR)/SwiftChat.app/SwiftChat";
			};
			name = Release;
		};
/* End XCBuildConfiguration section */

/* Begin XCConfigurationList section */
		13A1AB331AD9DD5600176F68 /* Build configuration list for PBXProject "SwiftChat" */ = {
			isa = XCConfigurationList;
			buildConfigurations = (
				13A1AB571AD9DD5600176F68 /* Debug */,
				13A1AB581AD9DD5600176F68 /* Release */,
			);
			defaultConfigurationIsVisible = 0;
			defaultConfigurationName = Release;
		};
		13A1AB591AD9DD5600176F68 /* Build configuration list for PBXNativeTarget "SwiftChat" */ = {
			isa = XCConfigurationList;
			buildConfigurations = (
				13A1AB5A1AD9DD5600176F68 /* Debug */,
				13A1AB5B1AD9DD5600176F68 /* Release */,
			);
			defaultConfigurationIsVisible = 0;
			defaultConfigurationName = Release;
		};
		13A1AB5C1AD9DD5600176F68 /* Build configuration list for PBXNativeTarget "SwiftChatTests" */ = {
			isa = XCConfigurationList;
			buildConfigurations = (
				13A1AB5D1AD9DD5600176F68 /* Debug */,
				13A1AB5E1AD9DD5600176F68 /* Release */,
			);
			defaultConfigurationIsVisible = 0;
			defaultConfigurationName = Release;
		};
/* End XCConfigurationList section */
	};
	rootObject = 13A1AB301AD9DD5600176F68 /* Project object */;
}
